
Microsoft Visual Studio Solution File, Format Version 12.00
# Visual Studio Version 17
VisualStudioVersion = 17.9.34723.18
MinimumVisualStudioVersion = 10.0.40219.1
Project("{9A19103F-16F7-4668-BE54-9A1E7A4F7556}") = "BookingSystem.Api", "BookingSystem.Api\BookingSystem.Api.csproj", "{4DAF21E4-1C83-4AFC-8EBE-31FFAF0A83D0}"
EndProject
Project("{9A19103F-16F7-4668-BE54-9A1E7A4F7556}") = "BookingSystem.Domain", "BookingSystem.Domain\BookingSystem.Domain.csproj", "{33CCB41C-5B14-4BBD-9919-351C80634596}"
EndProject
Project("{9A19103F-16F7-4668-BE54-9A1E7A4F7556}") = "BookingSystem.Infrastructure", "BookingSystem.Infrastructure\BookingSystem.Infrastructure.csproj", "{63B13B66-98FD-4EE2-BB8F-2F9112617DFE}"
EndProject
Project("{9A19103F-16F7-4668-BE54-9A1E7A4F7556}") = "BookingSystem.BL", "BookingSystem.BL\BookingSystem.BL.csproj", "{6D37AD88-FD5F-4566-9E6E-DF23373B8D43}"
EndProject
Project("{E53339B2-1760-4266-BCC7-CA923CBCF16C}") = "docker-compose", "docker-compose.dcproj", "{3CDB0629-183E-4F11-B5FF-18EE2DFED97F}"
EndProject
Project("{FAE04EC0-301F-11D3-BF4B-00C04F79EFBC}") = "MessageBus", "..\MessageBus\MessageBus.csproj", "{1B3C6C70-6685-4904-8F56-B9A80C4AB4A7}"
EndProject
Global
	GlobalSection(SolutionConfigurationPlatforms) = preSolution
		Debug|Any CPU = Debug|Any CPU
		Release|Any CPU = Release|Any CPU
	EndGlobalSection
	GlobalSection(ProjectConfigurationPlatforms) = postSolution
		{4DAF21E4-1C83-4AFC-8EBE-31FFAF0A83D0}.Debug|Any CPU.ActiveCfg = Debug|Any CPU
		{4DAF21E4-1C83-4AFC-8EBE-31FFAF0A83D0}.Debug|Any CPU.Build.0 = Debug|Any CPU
		{4DAF21E4-1C83-4AFC-8EBE-31FFAF0A83D0}.Release|Any CPU.ActiveCfg = Release|Any CPU
		{4DAF21E4-1C83-4AFC-8EBE-31FFAF0A83D0}.Release|Any CPU.Build.0 = Release|Any CPU
		{33CCB41C-5B14-4BBD-9919-351C80634596}.Debug|Any CPU.ActiveCfg = Debug|Any CPU
		{33CCB41C-5B14-4BBD-9919-351C80634596}.Debug|Any CPU.Build.0 = Debug|Any CPU
		{33CCB41C-5B14-4BBD-9919-351C80634596}.Release|Any CPU.ActiveCfg = Release|Any CPU
		{33CCB41C-5B14-4BBD-9919-351C80634596}.Release|Any CPU.Build.0 = Release|Any CPU
		{63B13B66-98FD-4EE2-BB8F-2F9112617DFE}.Debug|Any CPU.ActiveCfg = Debug|Any CPU
		{63B13B66-98FD-4EE2-BB8F-2F9112617DFE}.Debug|Any CPU.Build.0 = Debug|Any CPU
		{63B13B66-98FD-4EE2-BB8F-2F9112617DFE}.Release|Any CPU.ActiveCfg = Release|Any CPU
		{63B13B66-98FD-4EE2-BB8F-2F9112617DFE}.Release|Any CPU.Build.0 = Release|Any CPU
		{6D37AD88-FD5F-4566-9E6E-DF23373B8D43}.Debug|Any CPU.ActiveCfg = Debug|Any CPU
		{6D37AD88-FD5F-4566-9E6E-DF23373B8D43}.Debug|Any CPU.Build.0 = Debug|Any CPU
		{6D37AD88-FD5F-4566-9E6E-DF23373B8D43}.Release|Any CPU.ActiveCfg = Release|Any CPU
		{6D37AD88-FD5F-4566-9E6E-DF23373B8D43}.Release|Any CPU.Build.0 = Release|Any CPU
		{3CDB0629-183E-4F11-B5FF-18EE2DFED97F}.Debug|Any CPU.ActiveCfg = Debug|Any CPU
		{3CDB0629-183E-4F11-B5FF-18EE2DFED97F}.Debug|Any CPU.Build.0 = Debug|Any CPU
		{3CDB0629-183E-4F11-B5FF-18EE2DFED97F}.Release|Any CPU.ActiveCfg = Release|Any CPU
		{3CDB0629-183E-4F11-B5FF-18EE2DFED97F}.Release|Any CPU.Build.0 = Release|Any CPU
		{1B3C6C70-6685-4904-8F56-B9A80C4AB4A7}.Debug|Any CPU.ActiveCfg = Debug|Any CPU
		{1B3C6C70-6685-4904-8F56-B9A80C4AB4A7}.Debug|Any CPU.Build.0 = Debug|Any CPU
		{1B3C6C70-6685-4904-8F56-B9A80C4AB4A7}.Release|Any CPU.ActiveCfg = Release|Any CPU
		{1B3C6C70-6685-4904-8F56-B9A80C4AB4A7}.Release|Any CPU.Build.0 = Release|Any CPU
	EndGlobalSection
	GlobalSection(SolutionProperties) = preSolution
		HideSolutionNode = FALSE
	EndGlobalSection
	GlobalSection(ExtensibilityGlobals) = postSolution
		SolutionGuid = {8E45F1CF-1BF5-4469-8865-43E0495DB108}
	EndGlobalSection
EndGlobal
